<Solution>
  <Folder Name="/tests/">
    <Project Path="tests/Five68.IntegrationTests/Five68.IntegrationTests.csproj" />
    <Project Path="tests/Five68.UnitTests/Five68.UnitTests.csproj" />
  </Folder>
  <Project Path="Five68Initializer/Five68Initializer.csproj" />
  <Project Path="WebAPI/WebAPI.csproj" />
</Solution>
